{
  "lockfile_version": "1",
  "packages": {
    "bun@1.3.13": {
      "last_modified": "2026-08-27T07:16:00Z",
      "resolved": "github:NixOS/nixpkgs/c27cdad491a991b11ed731760aa2ef8db0cb0410#bun",
      "source": "devbox-search",
      "version": "1.3.13",
      "systems": {
        "aarch64-darwin": {
          "outputs": [
            {
              "name": "out",
              "path": "/nix/store/r4svrxgw5kys9g187dzcaj8yvc6dzm65-bun-1.3.13",
              "default": true
            }
          ],
          "store_path": "/nix/store/r4svrxgw5kys9g187dzcaj8yvc6dzm65-bun-1.3.13"
        },
        "aarch64-linux": {
          "outputs": [
            {
              "name": "out",
              "path": "/nix/store/p9a0b8bh0iv9g1qszfvi9n2k7aj7ypyh-bun-1.3.13",
              "default": true
            }
          ],
          "store_path": "/nix/store/p9a0b8bh0iv9g1qszfvi9n2k7aj7ypyh-bun-1.3.13"
        },
        "x86_64-darwin": {
          "outputs": [
            {
              "name": "out",
              "path": "/nix/store/wn9cggwqflvqryxxb9xinl9iygndm8d9-bun-1.3.13",
              "default": true
            }
          ],
          "store_path": "/nix/store/wn9cggwqflvqryxxb9xinl9iygndm8d9-bun-1.3.13"
        },
        "x86_64-linux": {
          "outputs": [
            {
              "name": "out",
              "path": "/nix/store/gzh2rx2sjwra135my0jw3va49hm7z4vf-bun-1.3.13",
              "default": true
            }
          ],
          "store_path": "/nix/store/gzh2rx2sjwra135my0jw3va49hm7z4vf-bun-1.3.13"
        }
      }
    },
    "github:NixOS/nixpkgs/nixpkgs-unstable": {
      "last_modified": "2026-09-13T01:58:51Z",
      "resolved": "github:NixOS/nixpkgs/02f5696b0e6097e589076d886b317b83ff0437d7?lastModified=1789264731"
    },
    "imagemagick@7.1.2-29": {
      "last_modified": "2026-08-27T07:16:00Z",
      "resolved": "github:NixOS/nixpkgs/c27cdad491a991b11ed731760aa2ef8db0cb0410#imagemagick",
      "source": "devbox-search",
      "version": "7.1.2-29",
      "systems": {
        "aarch64-darwin": {
          "outputs": [
            {
              "name": "out",
              "path": "/nix/store/v18pbkzg2jsv6c329lc0gk980hjyfmki-imagemagick-7.1.2-29",
              "default": true
            },
            {
              "name": "dev",
              "path": "/nix/store/av4vc4vq7x5is9r76l7wld9xwcmcryab-imagemagick-7.1.2-29-dev"
            },
            {
              "name": "doc",
              "path": "/nix/store/7h0621qn9k3bq0b3zlni09qhgys8f7ir-imagemagick-7.1.2-29-doc"
            }
          ],
          "store_path": "/nix/store/v18pbkzg2jsv6c329lc0gk980hjyfmki-imagemagick-7.1.2-29"
        },
        "aarch64-linux": {
          "outputs": [
            {
              "name": "out",
              "path": "/nix/store/syzj9cllhq7nhixb4dn707psc2avpn1g-imagemagick-7.1.2-29",
              "default": true
            },
            {
              "name": "dev",
              "path": "/nix/store/sr1iad40rbkbaipv4362mgijrj63vd8r-imagemagick-7.1.2-29-dev"
            },
            {
              "name": "doc",
              "path": "/nix/store/3vdw59vhcnkv67mlrzmx6x0rckhj5qpa-imagemagick-7.1.2-29-doc"
            }
          ],
          "store_path": "/nix/store/syzj9cllhq7nhixb4dn707psc2avpn1g-imagemagick-7.1.2-29"
        },
        "x86_64-linux": {
          "outputs": [
            {
              "name": "out",
              "path": "/nix/store/1fj0wg21ba24hv612yg4kqwzxbnyappm-imagemagick-7.1.2-29",
              "default": true
            },
            {
              "name": "dev",
              "path": "/nix/store/w9b2wk875bnzmr10v5yflccfizrff7iy-imagemagick-7.1.2-29-dev"
            },
            {
              "name": "doc",
              "path": "/nix/store/8l8324nl8l7az72xgvckyp1hs1lgj3m2-imagemagick-7.1.2-29-doc"
            }
          ],
          "store_path": "/nix/store/1fj0wg21ba24hv612yg4kqwzxbnyappm-imagemagick-7.1.2-29"
        }
      }
    },
    "nodejs@26.8.1": {
      "last_modified": "2026-08-27T23:47:58Z",
      "plugin_version": "0.0.4",
      "resolved": "github:NixOS/nixpkgs/7d1a7c21a4c00ea653fc7ed5c083d261340f185f#nodejs_26",
      "source": "devbox-search",
      "version": "26.8.1",
      "systems": {
        "aarch64-darwin": {
          "outputs": [
            {
              "name": "out",
              "path": "/nix/store/szf4xdpd4znb3hzprlyivq6nd507hyas-nodejs-26.8.1",
              "default": true
            }
          ],
          "store_path": "/nix/store/szf4xdpd4znb3hzprlyivq6nd507hyas-nodejs-26.8.1"
        },
        "aarch64-linux": {
          "outputs": [
            {
              "name": "out",
              "path": "/nix/store/s3azam32y3bmwd6b2zynqqg9yv99lnam-nodejs-26.8.1",
              "default": true
            }
          ],
          "store_path": "/nix/store/s3azam32y3bmwd6b2zynqqg9yv99lnam-nodejs-26.8.1"
        },
        "x86_64-linux": {
          "outputs": [
            {
              "name": "out",
              "path": "/nix/store/ymlp5q9l64224b9jqpqwp298bgbjv7p9-nodejs-26.8.1",
              "default": true
            }
          ],
          "store_path": "/nix/store/ymlp5q9l64224b9jqpqwp298bgbjv7p9-nodejs-26.8.1"
        }
      }
    },
    "poppler-utils@26.06.0": {
      "last_modified": "2026-08-27T07:16:00Z",
      "resolved": "github:NixOS/nixpkgs/c27cdad491a991b11ed731760aa2ef8db0cb0410#poppler-utils",
      "source": "devbox-search",
      "version": "26.06.0",
      "systems": {
        "aarch64-darwin": {
          "outputs": [
            {
              "name": "out",
              "path": "/nix/store/62x044s87p9bkjbw31csv9g2dd34sxj2-poppler-utils-26.06.0",
              "default": true
            },
            {
              "name": "dev",
              "path": "/nix/store/cghm6405vmg56q7138qh02244p3wqb2i-poppler-utils-26.06.0-dev"
            }
          ],
          "store_path": "/nix/store/62x044s87p9bkjbw31csv9g2dd34sxj2-poppler-utils-26.06.0"
        },
        "aarch64-linux": {
          "outputs": [
            {
              "name": "out",
              "path": "/nix/store/0aykws7ms79n9f5gb8wl8m4rjn0yml5b-poppler-utils-26.06.0",
              "default": true
            },
            {
              "name": "dev",
              "path": "/nix/store/8aqy2k7z2xg969qfhx4g3n260r49dmr4-poppler-utils-26.06.0-dev"
            }
          ],
          "store_path": "/nix/store/0aykws7ms79n9f5gb8wl8m4rjn0yml5b-poppler-utils-26.06.0"
        },
        "x86_64-linux": {
          "outputs": [
            {
              "name": "out",
              "path": "/nix/store/g0f2man6jdwimdpz383l8p11r1rzx9hs-poppler-utils-26.06.0",
              "default": true
            },
            {
              "name": "dev",
              "path": "/nix/store/7pqzsgfbxvjac6mf5grdqzpasavyd4sa-poppler-utils-26.06.0-dev"
            }
          ],
          "store_path": "/nix/store/g0f2man6jdwimdpz383l8p11r1rzx9hs-poppler-utils-26.06.0"
        }
      }
    }
  }
}
